{
  "name": "removebg_api",
  "version": "1.0.0",
  "lockfileVersion": 3,
  "requires": true,
  "packages": {
    "": {
      "name": "removebg_api",
      "version": "1.0.0",
      "dependencies": {
        "@now/python": "^1.2.3",
        "@vercel/python": "^4.3.1"
      }
    },
    "node_modules/@now/python": {
      "version": "1.2.3",
      "resolved": "https://registry.npmjs.org/@now/python/-/python-1.2.3.tgz",
      "integrity": "sha512-pr8YRhsblJnxXmA3bVYcuhp0Pch39pIb5Uj2FKSSwj6eTpo8h7dccEtEeyiW8wHgPqLFfWCGJyhjTm75r3gRKw==",
      "deprecated": "\"@now/python\" is deprecated and will stop receiving updates January 2021. Please use \"@vercel/python\" instead.",
      "license": "MIT"
    },
    "node_modules/@vercel/python": {
      "version": "4.3.1",
      "resolved": "https://registry.npmjs.org/@vercel/python/-/python-4.3.1.tgz",
      "integrity": "sha512-pWRApBwUsAQJS8oZ7eKMiaBGbYJO71qw2CZqDFvkTj34FNBZtNIUcWSmqGfJJY5m2pU/9wt8z1CnKIyT9dstog==",
      "license": "Apache-2.0"
    }
  }
}
